// !$*UTF8*$!
{
	archiveVersion = 1;
	classes = {
	};
	objectVersion = 56;
	objects = {

/* Begin PBXBuildFile section */
		E63EAD392C876A5D009D0367 /* WeatherApp.swift in Sources */ = {isa = PBXBuildFile; fileRef = E63EAD382C876A5D009D0367 /* WeatherApp.swift */; };
		E63EAD3B2C876A5D009D0367 /* ContentView.swift in Sources */ = {isa = PBXBuildFile; fileRef = E63EAD3A2C876A5D009D0367 /* ContentView.swift */; };
		E63EAD3D2C876A60009D0367 /* Assets.xcassets in Resources */ = {isa = PBXBuildFile; fileRef = E63EAD3C2C876A60009D0367 /* Assets.xcassets */; };
		E63EAD402C876A60009D0367 /* Preview Assets.xcassets in Resources */ = {isa = PBXBuildFile; fileRef = E63EAD3F2C876A60009D0367 /* Preview Assets.xcassets */; };
		E63EAD482C876C20009D0367 /* LocationManager.swift in Sources */ = {isa = PBXBuildFile; fileRef = E63EAD472C876C20009D0367 /* LocationManager.swift */; };
		E63EAD4B2C876DE3009D0367 /* WelcomeView.swift in Sources */ = {isa = PBXBuildFile; fileRef = E63EAD4A2C876DE3009D0367 /* WelcomeView.swift */; };
		E63EAD4D2C8771EA009D0367 /* LoadingView.swift in Sources */ = {isa = PBXBuildFile; fileRef = E63EAD4C2C8771EA009D0367 /* LoadingView.swift */; };
		E63EAD4F2C877384009D0367 /* WeatherManager.swift in Sources */ = {isa = PBXBuildFile; fileRef = E63EAD4E2C877384009D0367 /* WeatherManager.swift */; };
		E63EAD512C877A64009D0367 /* WeatherView.swift in Sources */ = {isa = PBXBuildFile; fileRef = E63EAD502C877A64009D0367 /* WeatherView.swift */; };
		E63EAD542C877B85009D0367 /* WeatherRow.swift in Sources */ = {isa = PBXBuildFile; fileRef = E63EAD532C877B85009D0367 /* WeatherRow.swift */; };
		E63EAD582C877BD8009D0367 /* Extenstions.swift in Sources */ = {isa = PBXBuildFile; fileRef = E63EAD572C877BD8009D0367 /* Extenstions.swift */; };
		E63EAD5A2C877D13009D0367 /* ModelData.swift in Sources */ = {isa = PBXBuildFile; fileRef = E63EAD592C877D13009D0367 /* ModelData.swift */; };
		E6748D5C2C8802130044E5D3 /* BackgroundView.swift in Sources */ = {isa = PBXBuildFile; fileRef = E6748D5B2C8802130044E5D3 /* BackgroundView.swift */; };
		E6748D5E2C880BC20044E5D3 /* BackgroundWeatherView.swift in Sources */ = {isa = PBXBuildFile; fileRef = E6748D5D2C880BC20044E5D3 /* BackgroundWeatherView.swift */; };
		E6748D622C8811EE0044E5D3 /* Home.png in Resources */ = {isa = PBXBuildFile; fileRef = E6748D602C8811EE0044E5D3 /* Home.png */; };
		E6748D632C8811EE0044E5D3 /* Weather.png in Resources */ = {isa = PBXBuildFile; fileRef = E6748D612C8811EE0044E5D3 /* Weather.png */; };
		E6748D652C8811FB0044E5D3 /* README.md in Resources */ = {isa = PBXBuildFile; fileRef = E6748D642C8811FB0044E5D3 /* README.md */; };
/* End PBXBuildFile section */

/* Begin PBXFileReference section */
		E63EAD352C876A5D009D0367 /* Weather.app */ = {isa = PBXFileReference; explicitFileType = wrapper.application; includeInIndex = 0; path = Weather.app; sourceTree = BUILT_PRODUCTS_DIR; };
		E63EAD382C876A5D009D0367 /* WeatherApp.swift */ = {isa = PBXFileReference; lastKnownFileType = sourcecode.swift; path = WeatherApp.swift; sourceTree = "<group>"; };
		E63EAD3A2C876A5D009D0367 /* ContentView.swift */ = {isa = PBXFileReference; lastKnownFileType = sourcecode.swift; path = ContentView.swift; sourceTree = "<group>"; };
		E63EAD3C2C876A60009D0367 /* Assets.xcassets */ = {isa = PBXFileReference; lastKnownFileType = folder.assetcatalog; path = Assets.xcassets; sourceTree = "<group>"; };
		E63EAD3F2C876A60009D0367 /* Preview Assets.xcassets */ = {isa = PBXFileReference; lastKnownFileType = folder.assetcatalog; path = "Preview Assets.xcassets"; sourceTree = "<group>"; };
		E63EAD472C876C20009D0367 /* LocationManager.swift */ = {isa = PBXFileReference; lastKnownFileType = sourcecode.swift; path = LocationManager.swift; sourceTree = "<group>"; };
		E63EAD4A2C876DE3009D0367 /* WelcomeView.swift */ = {isa = PBXFileReference; lastKnownFileType = sourcecode.swift; path = WelcomeView.swift; sourceTree = "<group>"; };
		E63EAD4C2C8771EA009D0367 /* LoadingView.swift */ = {isa = PBXFileReference; lastKnownFileType = sourcecode.swift; path = LoadingView.swift; sourceTree = "<group>"; };
		E63EAD4E2C877384009D0367 /* WeatherManager.swift */ = {isa = PBXFileReference; lastKnownFileType = sourcecode.swift; path = WeatherManager.swift; sourceTree = "<group>"; };
		E63EAD502C877A64009D0367 /* WeatherView.swift */ = {isa = PBXFileReference; lastKnownFileType = sourcecode.swift; path = WeatherView.swift; sourceTree = "<group>"; };
		E63EAD532C877B85009D0367 /* WeatherRow.swift */ = {isa = PBXFileReference; lastKnownFileType = sourcecode.swift; path = WeatherRow.swift; sourceTree = "<group>"; };
		E63EAD572C877BD8009D0367 /* Extenstions.swift */ = {isa = PBXFileReference; lastKnownFileType = sourcecode.swift; path = Extenstions.swift; sourceTree = "<group>"; };
		E63EAD592C877D13009D0367 /* ModelData.swift */ = {isa = PBXFileReference; lastKnownFileType = sourcecode.swift; path = ModelData.swift; sourceTree = "<group>"; };
		E6748D5B2C8802130044E5D3 /* BackgroundView.swift */ = {isa = PBXFileReference; lastKnownFileType = sourcecode.swift; path = BackgroundView.swift; sourceTree = "<group>"; };
		E6748D5D2C880BC20044E5D3 /* BackgroundWeatherView.swift */ = {isa = PBXFileReference; lastKnownFileType = sourcecode.swift; path = BackgroundWeatherView.swift; sourceTree = "<group>"; };
		E6748D602C8811EE0044E5D3 /* Home.png */ = {isa = PBXFileReference; lastKnownFileType = image.png; path = Home.png; sourceTree = "<group>"; };
		E6748D612C8811EE0044E5D3 /* Weather.png */ = {isa = PBXFileReference; lastKnownFileType = image.png; path = Weather.png; sourceTree = "<group>"; };
		E6748D642C8811FB0044E5D3 /* README.md */ = {isa = PBXFileReference; lastKnownFileType = net.daringfireball.markdown; path = README.md; sourceTree = "<group>"; };
/* End PBXFileReference section */

/* Begin PBXFrameworksBuildPhase section */
		E63EAD322C876A5D009D0367 /* Frameworks */ = {
			isa = PBXFrameworksBuildPhase;
			buildActionMask = 2147483647;
			files = (
			);
			runOnlyForDeploymentPostprocessing = 0;
		};
/* End PBXFrameworksBuildPhase section */

/* Begin PBXGroup section */
		E63EAD2C2C876A5D009D0367 = {
			isa = PBXGroup;
			children = (
				E6748D642C8811FB0044E5D3 /* README.md */,
				E6748D5F2C8811800044E5D3 /* Screenshots */,
				E63EAD372C876A5D009D0367 /* Weather */,
				E63EAD362C876A5D009D0367 /* Products */,
			);
			sourceTree = "<group>";
		};
		E63EAD362C876A5D009D0367 /* Products */ = {
			isa = PBXGroup;
			children = (
				E63EAD352C876A5D009D0367 /* Weather.app */,
			);
			name = Products;
			sourceTree = "<group>";
		};
		E63EAD372C876A5D009D0367 /* Weather */ = {
			isa = PBXGroup;
			children = (
				E63EAD552C877BA9009D0367 /* App */,
				E63EAD522C877B68009D0367 /* Components */,
				E63EAD562C877BB5009D0367 /* Extensions */,
				E6748D5A2C87FD440044E5D3 /* Models */,
				E63EAD492C876DA3009D0367 /* Views */,
				E63EAD462C876BFA009D0367 /* Managers */,
				E63EAD3C2C876A60009D0367 /* Assets.xcassets */,
				E63EAD3E2C876A60009D0367 /* Preview Content */,
			);
			path = Weather;
			sourceTree = "<group>";
		};
		E63EAD3E2C876A60009D0367 /* Preview Content */ = {
			isa = PBXGroup;
			children = (
				E63EAD3F2C876A60009D0367 /* Preview Assets.xcassets */,
			);
			path = "Preview Content";
			sourceTree = "<group>";
		};
		E63EAD462C876BFA009D0367 /* Managers */ = {
			isa = PBXGroup;
			children = (
				E63EAD472C876C20009D0367 /* LocationManager.swift */,
				E63EAD4E2C877384009D0367 /* WeatherManager.swift */,
			);
			path = Managers;
			sourceTree = "<group>";
		};
		E63EAD492C876DA3009D0367 /* Views */ = {
			isa = PBXGroup;
			children = (
				E63EAD3A2C876A5D009D0367 /* ContentView.swift */,
				E63EAD4A2C876DE3009D0367 /* WelcomeView.swift */,
				E63EAD4C2C8771EA009D0367 /* LoadingView.swift */,
				E63EAD502C877A64009D0367 /* WeatherView.swift */,
				E6748D5B2C8802130044E5D3 /* BackgroundView.swift */,
				E6748D5D2C880BC20044E5D3 /* BackgroundWeatherView.swift */,
			);
			path = Views;
			sourceTree = "<group>";
		};
		E63EAD522C877B68009D0367 /* Components */ = {
			isa = PBXGroup;
			children = (
				E63EAD532C877B85009D0367 /* WeatherRow.swift */,
			);
			path = Components;
			sourceTree = "<group>";
		};
		E63EAD552C877BA9009D0367 /* App */ = {
			isa = PBXGroup;
			children = (
				E63EAD382C876A5D009D0367 /* WeatherApp.swift */,
			);
			path = App;
			sourceTree = "<group>";
		};
		E63EAD562C877BB5009D0367 /* Extensions */ = {
			isa = PBXGroup;
			children = (
				E63EAD572C877BD8009D0367 /* Extenstions.swift */,
			);
			path = Extensions;
			sourceTree = "<group>";
		};
		E6748D5A2C87FD440044E5D3 /* Models */ = {
			isa = PBXGroup;
			children = (
				E63EAD592C877D13009D0367 /* ModelData.swift */,
			);
			path = Models;
			sourceTree = "<group>";
		};
		E6748D5F2C8811800044E5D3 /* Screenshots */ = {
			isa = PBXGroup;
			children = (
				E6748D602C8811EE0044E5D3 /* Home.png */,
				E6748D612C8811EE0044E5D3 /* Weather.png */,
			);
			path = Screenshots;
			sourceTree = "<group>";
		};
/* End PBXGroup section */

/* Begin PBXNativeTarget section */
		E63EAD342C876A5D009D0367 /* Weather */ = {
			isa = PBXNativeTarget;
			buildConfigurationList = E63EAD432C876A60009D0367 /* Build configuration list for PBXNativeTarget "Weather" */;
			buildPhases = (
				E63EAD312C876A5D009D0367 /* Sources */,
				E63EAD322C876A5D009D0367 /* Frameworks */,
				E63EAD332C876A5D009D0367 /* Resources */,
			);
			buildRules = (
			);
			dependencies = (
			);
			name = Weather;
			productName = Weather;
			productReference = E63EAD352C876A5D009D0367 /* Weather.app */;
			productType = "com.apple.product-type.application";
		};
/* End PBXNativeTarget section */

/* Begin PBXProject section */
		E63EAD2D2C876A5D009D0367 /* Project object */ = {
			isa = PBXProject;
			attributes = {
				BuildIndependentTargetsInParallel = 1;
				LastSwiftUpdateCheck = 1520;
				LastUpgradeCheck = 1520;
				TargetAttributes = {
					E63EAD342C876A5D009D0367 = {
						CreatedOnToolsVersion = 15.2;
					};
				};
			};
			buildConfigurationList = E63EAD302C876A5D009D0367 /* Build configuration list for PBXProject "Weather" */;
			compatibilityVersion = "Xcode 14.0";
			developmentRegion = en;
			hasScannedForEncodings = 0;
			knownRegions = (
				en,
				Base,
			);
			mainGroup = E63EAD2C2C876A5D009D0367;
			productRefGroup = E63EAD362C876A5D009D0367 /* Products */;
			projectDirPath = "";
			projectRoot = "";
			targets = (
				E63EAD342C876A5D009D0367 /* Weather */,
			);
		};
/* End PBXProject section */

/* Begin PBXResourcesBuildPhase section */
		E63EAD332C876A5D009D0367 /* Resources */ = {
			isa = PBXResourcesBuildPhase;
			buildActionMask = 2147483647;
			files = (
				E6748D622C8811EE0044E5D3 /* Home.png in Resources */,
				E63EAD402C876A60009D0367 /* Preview Assets.xcassets in Resources */,
				E6748D652C8811FB0044E5D3 /* README.md in Resources */,
				E6748D632C8811EE0044E5D3 /* Weather.png in Resources */,
				E63EAD3D2C876A60009D0367 /* Assets.xcassets in Resources */,
			);
			runOnlyForDeploymentPostprocessing = 0;
		};
/* End PBXResourcesBuildPhase section */

/* Begin PBXSourcesBuildPhase section */
		E63EAD312C876A5D009D0367 /* Sources */ = {
			isa = PBXSourcesBuildPhase;
			buildActionMask = 2147483647;
			files = (
				E63EAD4F2C877384009D0367 /* WeatherManager.swift in Sources */,
				E6748D5E2C880BC20044E5D3 /* BackgroundWeatherView.swift in Sources */,
				E63EAD3B2C876A5D009D0367 /* ContentView.swift in Sources */,
				E6748D5C2C8802130044E5D3 /* BackgroundView.swift in Sources */,
				E63EAD392C876A5D009D0367 /* WeatherApp.swift in Sources */,
				E63EAD542C877B85009D0367 /* WeatherRow.swift in Sources */,
				E63EAD482C876C20009D0367 /* LocationManager.swift in Sources */,
				E63EAD4D2C8771EA009D0367 /* LoadingView.swift in Sources */,
				E63EAD512C877A64009D0367 /* WeatherView.swift in Sources */,
				E63EAD5A2C877D13009D0367 /* ModelData.swift in Sources */,
				E63EAD582C877BD8009D0367 /* Extenstions.swift in Sources */,
				E63EAD4B2C876DE3009D0367 /* WelcomeView.swift in Sources */,
			);
			runOnlyForDeploymentPostprocessing = 0;
		};
/* End PBXSourcesBuildPhase section */

/* Begin XCBuildConfiguration section */
		E63EAD412C876A60009D0367 /* Debug */ = {
			isa = XCBuildConfiguration;
			buildSettings = {
				ALWAYS_SEARCH_USER_PATHS = NO;
				ASSETCATALOG_COMPILER_GENERATE_SWIFT_ASSET_SYMBOL_EXTENSIONS = YES;
				CLANG_ANALYZER_NONNULL = YES;
				CLANG_ANALYZER_NUMBER_OBJECT_CONVERSION = YES_AGGRESSIVE;
				CLANG_CXX_LANGUAGE_STANDARD = "gnu++20";
				CLANG_ENABLE_MODULES = YES;
				CLANG_ENABLE_OBJC_ARC = YES;
				CLANG_ENABLE_OBJC_WEAK = YES;
				CLANG_WARN_BLOCK_CAPTURE_AUTORELEASING = YES;
				CLANG_WARN_BOOL_CONVERSION = YES;
				CLANG_WARN_COMMA = YES;
				CLANG_WARN_CONSTANT_CONVERSION = YES;
				CLANG_WARN_DEPRECATED_OBJC_IMPLEMENTATIONS = YES;
				CLANG_WARN_DIRECT_OBJC_ISA_USAGE = YES_ERROR;
				CLANG_WARN_DOCUMENTATION_COMMENTS = YES;
				CLANG_WARN_EMPTY_BODY = YES;
				CLANG_WARN_ENUM_CONVERSION = YES;
				CLANG_WARN_INFINITE_RECURSION = YES;
				CLANG_WARN_INT_CONVERSION = YES;
				CLANG_WARN_NON_LITERAL_NULL_CONVERSION = YES;
				CLANG_WARN_OBJC_IMPLICIT_RETAIN_SELF = YES;
				CLANG_WARN_OBJC_LITERAL_CONVERSION = YES;
				CLANG_WARN_OBJC_ROOT_CLASS = YES_ERROR;
				CLANG_WARN_QUOTED_INCLUDE_IN_FRAMEWORK_HEADER = YES;
				CLANG_WARN_RANGE_LOOP_ANALYSIS = YES;
				CLANG_WARN_STRICT_PROTOTYPES = YES;
				CLANG_WARN_SUSPICIOUS_MOVE = YES;
				CLANG_WARN_UNGUARDED_AVAILABILITY = YES_AGGRESSIVE;
				CLANG_WARN_UNREACHABLE_CODE = YES;
				CLANG_WARN__DUPLICATE_METHOD_MATCH = YES;
				COPY_PHASE_STRIP = NO;
				DEBUG_INFORMATION_FORMAT = dwarf;
				ENABLE_STRICT_OBJC_MSGSEND = YES;
				ENABLE_TESTABILITY = YES;
				ENABLE_USER_SCRIPT_SANDBOXING = YES;
				GCC_C_LANGUAGE_STANDARD = gnu17;
				GCC_DYNAMIC_NO_PIC = NO;
				GCC_NO_COMMON_BLOCKS = YES;
				GCC_OPTIMIZATION_LEVEL = 0;
				GCC_PREPROCESSOR_DEFINITIONS = (
					"DEBUG=1",
					"$(inherited)",
				);
				GCC_WARN_64_TO_32_BIT_CONVERSION = YES;
				GCC_WARN_ABOUT_RETURN_TYPE = YES_ERROR;
				GCC_WARN_UNDECLARED_SELECTOR = YES;
				GCC_WARN_UNINITIALIZED_AUTOS = YES_AGGRESSIVE;
				GCC_WARN_UNUSED_FUNCTION = YES;
				GCC_WARN_UNUSED_VARIABLE = YES;
				IPHONEOS_DEPLOYMENT_TARGET = 17.2;
				LOCALIZATION_PREFERS_STRING_CATALOGS = YES;
				MTL_ENABLE_DEBUG_INFO = INCLUDE_SOURCE;
				MTL_FAST_MATH = YES;
				ONLY_ACTIVE_ARCH = YES;
				SDKROOT = iphoneos;
				SWIFT_ACTIVE_COMPILATION_CONDITIONS = "DEBUG $(inherited)";
				SWIFT_OPTIMIZATION_LEVEL = "-Onone";
			};
			name = Debug;
		};
		E63EAD422C876A60009D0367 /* Release */ = {
			isa = XCBuildConfiguration;
			buildSettings = {
				ALWAYS_SEARCH_USER_PATHS = NO;
				ASSETCATALOG_COMPILER_GENERATE_SWIFT_ASSET_SYMBOL_EXTENSIONS = YES;
				CLANG_ANALYZER_NONNULL = YES;
				CLANG_ANALYZER_NUMBER_OBJECT_CONVERSION = YES_AGGRESSIVE;
				CLANG_CXX_LANGUAGE_STANDARD = "gnu++20";
				CLANG_ENABLE_MODULES = YES;
				CLANG_ENABLE_OBJC_ARC = YES;
				CLANG_ENABLE_OBJC_WEAK = YES;
				CLANG_WARN_BLOCK_CAPTURE_AUTORELEASING = YES;
				CLANG_WARN_BOOL_CONVERSION = YES;
				CLANG_WARN_COMMA = YES;
				CLANG_WARN_CONSTANT_CONVERSION = YES;
				CLANG_WARN_DEPRECATED_OBJC_IMPLEMENTATIONS = YES;
				CLANG_WARN_DIRECT_OBJC_ISA_USAGE = YES_ERROR;
				CLANG_WARN_DOCUMENTATION_COMMENTS = YES;
				CLANG_WARN_EMPTY_BODY = YES;
				CLANG_WARN_ENUM_CONVERSION = YES;
				CLANG_WARN_INFINITE_RECURSION = YES;
				CLANG_WARN_INT_CONVERSION = YES;
				CLANG_WARN_NON_LITERAL_NULL_CONVERSION = YES;
				CLANG_WARN_OBJC_IMPLICIT_RETAIN_SELF = YES;
				CLANG_WARN_OBJC_LITERAL_CONVERSION = YES;
				CLANG_WARN_OBJC_ROOT_CLASS = YES_ERROR;
				CLANG_WARN_QUOTED_INCLUDE_IN_FRAMEWORK_HEADER = YES;
				CLANG_WARN_RANGE_LOOP_ANALYSIS = YES;
				CLANG_WARN_STRICT_PROTOTYPES = YES;
				CLANG_WARN_SUSPICIOUS_MOVE = YES;
				CLANG_WARN_UNGUARDED_AVAILABILITY = YES_AGGRESSIVE;
				CLANG_WARN_UNREACHABLE_CODE = YES;
				CLANG_WARN__DUPLICATE_METHOD_MATCH = YES;
				COPY_PHASE_STRIP = NO;
				DEBUG_INFORMATION_FORMAT = "dwarf-with-dsym";
				ENABLE_NS_ASSERTIONS = NO;
				ENABLE_STRICT_OBJC_MSGSEND = YES;
				ENABLE_USER_SCRIPT_SANDBOXING = YES;
				GCC_C_LANGUAGE_STANDARD = gnu17;
				GCC_NO_COMMON_BLOCKS = YES;
				GCC_WARN_64_TO_32_BIT_CONVERSION = YES;
				GCC_WARN_ABOUT_RETURN_TYPE = YES_ERROR;
				GCC_WARN_UNDECLARED_SELECTOR = YES;
				GCC_WARN_UNINITIALIZED_AUTOS = YES_AGGRESSIVE;
				GCC_WARN_UNUSED_FUNCTION = YES;
				GCC_WARN_UNUSED_VARIABLE = YES;
				IPHONEOS_DEPLOYMENT_TARGET = 17.2;
				LOCALIZATION_PREFERS_STRING_CATALOGS = YES;
				MTL_ENABLE_DEBUG_INFO = NO;
				MTL_FAST_MATH = YES;
				SDKROOT = iphoneos;
				SWIFT_COMPILATION_MODE = wholemodule;
				VALIDATE_PRODUCT = YES;
			};
			name = Release;
		};
		E63EAD442C876A60009D0367 /* Debug */ = {
			isa = XCBuildConfiguration;
			buildSettings = {
				ASSETCATALOG_COMPILER_APPICON_NAME = AppIcon;
				ASSETCATALOG_COMPILER_GLOBAL_ACCENT_COLOR_NAME = AccentColor;
				CODE_SIGN_STYLE = Automatic;
				CURRENT_PROJECT_VERSION = 1;
				DEVELOPMENT_ASSET_PATHS = "\"Weather/Preview Content\"";
				DEVELOPMENT_TEAM = 3RAD866BR2;
				ENABLE_PREVIEWS = YES;
				GENERATE_INFOPLIST_FILE = YES;
				INFOPLIST_KEY_LSApplicationCategoryType = "public.app-category.weather";
				INFOPLIST_KEY_UIApplicationSceneManifest_Generation = YES;
				INFOPLIST_KEY_UIApplicationSupportsIndirectInputEvents = YES;
				INFOPLIST_KEY_UILaunchScreen_Generation = YES;
				INFOPLIST_KEY_UISupportedInterfaceOrientations_iPad = "UIInterfaceOrientationPortrait UIInterfaceOrientationPortraitUpsideDown UIInterfaceOrientationLandscapeLeft UIInterfaceOrientationLandscapeRight";
				INFOPLIST_KEY_UISupportedInterfaceOrientations_iPhone = "UIInterfaceOrientationPortrait UIInterfaceOrientationLandscapeLeft UIInterfaceOrientationLandscapeRight";
				LD_RUNPATH_SEARCH_PATHS = (
					"$(inherited)",
					"@executable_path/Frameworks",
				);
				MARKETING_VERSION = 1.0;
				PRODUCT_BUNDLE_IDENTIFIER = com.chaithawat.Weather;
				PRODUCT_NAME = "$(TARGET_NAME)";
				SWIFT_EMIT_LOC_STRINGS = YES;
				SWIFT_VERSION = 5.0;
				TARGETED_DEVICE_FAMILY = "1,2";
			};
			name = Debug;
		};
		E63EAD452C876A60009D0367 /* Release */ = {
			isa = XCBuildConfiguration;
			buildSettings = {
				ASSETCATALOG_COMPILER_APPICON_NAME = AppIcon;
				ASSETCATALOG_COMPILER_GLOBAL_ACCENT_COLOR_NAME = AccentColor;
				CODE_SIGN_STYLE = Automatic;
				CURRENT_PROJECT_VERSION = 1;
				DEVELOPMENT_ASSET_PATHS = "\"Weather/Preview Content\"";
				DEVELOPMENT_TEAM = 3RAD866BR2;
				ENABLE_PREVIEWS = YES;
				GENERATE_INFOPLIST_FILE = YES;
				INFOPLIST_KEY_LSApplicationCategoryType = "public.app-category.weather";
				INFOPLIST_KEY_UIApplicationSceneManifest_Generation = YES;
				INFOPLIST_KEY_UIApplicationSupportsIndirectInputEvents = YES;
				INFOPLIST_KEY_UILaunchScreen_Generation = YES;
				INFOPLIST_KEY_UISupportedInterfaceOrientations_iPad = "UIInterfaceOrientationPortrait UIInterfaceOrientationPortraitUpsideDown UIInterfaceOrientationLandscapeLeft UIInterfaceOrientationLandscapeRight";
				INFOPLIST_KEY_UISupportedInterfaceOrientations_iPhone = "UIInterfaceOrientationPortrait UIInterfaceOrientationLandscapeLeft UIInterfaceOrientationLandscapeRight";
				LD_RUNPATH_SEARCH_PATHS = (
					"$(inherited)",
					"@executable_path/Frameworks",
				);
				MARKETING_VERSION = 1.0;
				PRODUCT_BUNDLE_IDENTIFIER = com.chaithawat.Weather;
				PRODUCT_NAME = "$(TARGET_NAME)";
				SWIFT_EMIT_LOC_STRINGS = YES;
				SWIFT_VERSION = 5.0;
				TARGETED_DEVICE_FAMILY = "1,2";
			};
			name = Release;
		};
/* End XCBuildConfiguration section */

/* Begin XCConfigurationList section */
		E63EAD302C876A5D009D0367 /* Build configuration list for PBXProject "Weather" */ = {
			isa = XCConfigurationList;
			buildConfigurations = (
				E63EAD412C876A60009D0367 /* Debug */,
				E63EAD422C876A60009D0367 /* Release */,
			);
			defaultConfigurationIsVisible = 0;
			defaultConfigurationName = Release;
		};
		E63EAD432C876A60009D0367 /* Build configuration list for PBXNativeTarget "Weather" */ = {
			isa = XCConfigurationList;
			buildConfigurations = (
				E63EAD442C876A60009D0367 /* Debug */,
				E63EAD452C876A60009D0367 /* Release */,
			);
			defaultConfigurationIsVisible = 0;
			defaultConfigurationName = Release;
		};
/* End XCConfigurationList section */
	};
	rootObject = E63EAD2D2C876A5D009D0367 /* Project object */;
}
